
Microsoft Visual Studio Solution File, Format Version 12.00
# Visual Studio 14
VisualStudioVersion = 14.0.25420.1
MinimumVisualStudioVersion = 10.0.40219.1
Project("{FAE04EC0-301F-11D3-BF4B-00C04F79EFBC}") = "Tutorial_01", "Tutorial_01\Tutorial_01.csproj", "{4160571F-3B97-4D7B-916D-B2BCDB1013EC}"
EndProject
Project("{FAE04EC0-301F-11D3-BF4B-00C04F79EFBC}") = "Tutorial_02", "Tutorial_02\Tutorial_02.csproj", "{B44FF315-E9B7-47E2-ADA7-26BB22FA5B00}"
EndProject
Project("{FAE04EC0-301F-11D3-BF4B-00C04F79EFBC}") = "Tutorial_03", "Tutorial_03\Tutorial_03.csproj", "{9E1805ED-89F0-45FB-BF89-08F1587A65FC}"
EndProject
Project("{FAE04EC0-301F-11D3-BF4B-00C04F79EFBC}") = "Tutorial_04", "Tutorial_04\Tutorial_04.csproj", "{A6FBDA82-7E56-4AA6-80FE-08B9DBCD4D58}"
EndProject
Project("{FAE04EC0-301F-11D3-BF4B-00C04F79EFBC}") = "Tutorial_05", "Tutorial_05\Tutorial_05.csproj", "{23E46FFC-8AFA-4A02-BD42-63EEBA599486}"
EndProject
Project("{FAE04EC0-301F-11D3-BF4B-00C04F79EFBC}") = "Tutorial_06", "Tutorial_06\Tutorial_06.csproj", "{A2387AE2-4726-4D55-B045-C3C500C941D8}"
EndProject
Global
	GlobalSection(SolutionConfigurationPlatforms) = preSolution
		Debug|ARM = Debug|ARM
		Debug|x64 = Debug|x64
		Debug|x86 = Debug|x86
		Release|ARM = Release|ARM
		Release|x64 = Release|x64
		Release|x86 = Release|x86
	EndGlobalSection
	GlobalSection(ProjectConfigurationPlatforms) = postSolution
		{4160571F-3B97-4D7B-916D-B2BCDB1013EC}.Debug|ARM.ActiveCfg = Debug|ARM
		{4160571F-3B97-4D7B-916D-B2BCDB1013EC}.Debug|ARM.Build.0 = Debug|ARM
		{4160571F-3B97-4D7B-916D-B2BCDB1013EC}.Debug|ARM.Deploy.0 = Debug|ARM
		{4160571F-3B97-4D7B-916D-B2BCDB1013EC}.Debug|x64.ActiveCfg = Debug|x64
		{4160571F-3B97-4D7B-916D-B2BCDB1013EC}.Debug|x64.Build.0 = Debug|x64
		{4160571F-3B97-4D7B-916D-B2BCDB1013EC}.Debug|x64.Deploy.0 = Debug|x64
		{4160571F-3B97-4D7B-916D-B2BCDB1013EC}.Debug|x86.ActiveCfg = Debug|x86
		{4160571F-3B97-4D7B-916D-B2BCDB1013EC}.Debug|x86.Build.0 = Debug|x86
		{4160571F-3B97-4D7B-916D-B2BCDB1013EC}.Debug|x86.Deploy.0 = Debug|x86
		{4160571F-3B97-4D7B-916D-B2BCDB1013EC}.Release|ARM.ActiveCfg = Release|ARM
		{4160571F-3B97-4D7B-916D-B2BCDB1013EC}.Release|ARM.Build.0 = Release|ARM
		{4160571F-3B97-4D7B-916D-B2BCDB1013EC}.Release|ARM.Deploy.0 = Release|ARM
		{4160571F-3B97-4D7B-916D-B2BCDB1013EC}.Release|x64.ActiveCfg = Release|x64
		{4160571F-3B97-4D7B-916D-B2BCDB1013EC}.Release|x64.Build.0 = Release|x64
		{4160571F-3B97-4D7B-916D-B2BCDB1013EC}.Release|x64.Deploy.0 = Release|x64
		{4160571F-3B97-4D7B-916D-B2BCDB1013EC}.Release|x86.ActiveCfg = Release|x86
		{4160571F-3B97-4D7B-916D-B2BCDB1013EC}.Release|x86.Build.0 = Release|x86
		{4160571F-3B97-4D7B-916D-B2BCDB1013EC}.Release|x86.Deploy.0 = Release|x86
		{B44FF315-E9B7-47E2-ADA7-26BB22FA5B00}.Debug|ARM.ActiveCfg = Debug|ARM
		{B44FF315-E9B7-47E2-ADA7-26BB22FA5B00}.Debug|ARM.Build.0 = Debug|ARM
		{B44FF315-E9B7-47E2-ADA7-26BB22FA5B00}.Debug|ARM.Deploy.0 = Debug|ARM
		{B44FF315-E9B7-47E2-ADA7-26BB22FA5B00}.Debug|x64.ActiveCfg = Debug|x64
		{B44FF315-E9B7-47E2-ADA7-26BB22FA5B00}.Debug|x64.Build.0 = Debug|x64
		{B44FF315-E9B7-47E2-ADA7-26BB22FA5B00}.Debug|x64.Deploy.0 = Debug|x64
		{B44FF315-E9B7-47E2-ADA7-26BB22FA5B00}.Debug|x86.ActiveCfg = Debug|x86
		{B44FF315-E9B7-47E2-ADA7-26BB22FA5B00}.Debug|x86.Build.0 = Debug|x86
		{B44FF315-E9B7-47E2-ADA7-26BB22FA5B00}.Debug|x86.Deploy.0 = Debug|x86
		{B44FF315-E9B7-47E2-ADA7-26BB22FA5B00}.Release|ARM.ActiveCfg = Release|ARM
		{B44FF315-E9B7-47E2-ADA7-26BB22FA5B00}.Release|ARM.Build.0 = Release|ARM
		{B44FF315-E9B7-47E2-ADA7-26BB22FA5B00}.Release|ARM.Deploy.0 = Release|ARM
		{B44FF315-E9B7-47E2-ADA7-26BB22FA5B00}.Release|x64.ActiveCfg = Release|x64
		{B44FF315-E9B7-47E2-ADA7-26BB22FA5B00}.Release|x64.Build.0 = Release|x64
		{B44FF315-E9B7-47E2-ADA7-26BB22FA5B00}.Release|x64.Deploy.0 = Release|x64
		{B44FF315-E9B7-47E2-ADA7-26BB22FA5B00}.Release|x86.ActiveCfg = Release|x86
		{B44FF315-E9B7-47E2-ADA7-26BB22FA5B00}.Release|x86.Build.0 = Release|x86
		{B44FF315-E9B7-47E2-ADA7-26BB22FA5B00}.Release|x86.Deploy.0 = Release|x86
		{9E1805ED-89F0-45FB-BF89-08F1587A65FC}.Debug|ARM.ActiveCfg = Debug|ARM
		{9E1805ED-89F0-45FB-BF89-08F1587A65FC}.Debug|ARM.Build.0 = Debug|ARM
		{9E1805ED-89F0-45FB-BF89-08F1587A65FC}.Debug|ARM.Deploy.0 = Debug|ARM
		{9E1805ED-89F0-45FB-BF89-08F1587A65FC}.Debug|x64.ActiveCfg = Debug|x64
		{9E1805ED-89F0-45FB-BF89-08F1587A65FC}.Debug|x64.Build.0 = Debug|x64
		{9E1805ED-89F0-45FB-BF89-08F1587A65FC}.Debug|x64.Deploy.0 = Debug|x64
		{9E1805ED-89F0-45FB-BF89-08F1587A65FC}.Debug|x86.ActiveCfg = Debug|x86
		{9E1805ED-89F0-45FB-BF89-08F1587A65FC}.Debug|x86.Build.0 = Debug|x86
		{9E1805ED-89F0-45FB-BF89-08F1587A65FC}.Debug|x86.Deploy.0 = Debug|x86
		{9E1805ED-89F0-45FB-BF89-08F1587A65FC}.Release|ARM.ActiveCfg = Release|ARM
		{9E1805ED-89F0-45FB-BF89-08F1587A65FC}.Release|ARM.Build.0 = Release|ARM
		{9E1805ED-89F0-45FB-BF89-08F1587A65FC}.Release|ARM.Deploy.0 = Release|ARM
		{9E1805ED-89F0-45FB-BF89-08F1587A65FC}.Release|x64.ActiveCfg = Release|x64
		{9E1805ED-89F0-45FB-BF89-08F1587A65FC}.Release|x64.Build.0 = Release|x64
		{9E1805ED-89F0-45FB-BF89-08F1587A65FC}.Release|x64.Deploy.0 = Release|x64
		{9E1805ED-89F0-45FB-BF89-08F1587A65FC}.Release|x86.ActiveCfg = Release|x86
		{9E1805ED-89F0-45FB-BF89-08F1587A65FC}.Release|x86.Build.0 = Release|x86
		{9E1805ED-89F0-45FB-BF89-08F1587A65FC}.Release|x86.Deploy.0 = Release|x86
		{A6FBDA82-7E56-4AA6-80FE-08B9DBCD4D58}.Debug|ARM.ActiveCfg = Debug|ARM
		{A6FBDA82-7E56-4AA6-80FE-08B9DBCD4D58}.Debug|ARM.Build.0 = Debug|ARM
		{A6FBDA82-7E56-4AA6-80FE-08B9DBCD4D58}.Debug|ARM.Deploy.0 = Debug|ARM
		{A6FBDA82-7E56-4AA6-80FE-08B9DBCD4D58}.Debug|x64.ActiveCfg = Debug|x64
		{A6FBDA82-7E56-4AA6-80FE-08B9DBCD4D58}.Debug|x64.Build.0 = Debug|x64
		{A6FBDA82-7E56-4AA6-80FE-08B9DBCD4D58}.Debug|x64.Deploy.0 = Debug|x64
		{A6FBDA82-7E56-4AA6-80FE-08B9DBCD4D58}.Debug|x86.ActiveCfg = Debug|x86
		{A6FBDA82-7E56-4AA6-80FE-08B9DBCD4D58}.Debug|x86.Build.0 = Debug|x86
		{A6FBDA82-7E56-4AA6-80FE-08B9DBCD4D58}.Debug|x86.Deploy.0 = Debug|x86
		{A6FBDA82-7E56-4AA6-80FE-08B9DBCD4D58}.Release|ARM.ActiveCfg = Release|ARM
		{A6FBDA82-7E56-4AA6-80FE-08B9DBCD4D58}.Release|ARM.Build.0 = Release|ARM
		{A6FBDA82-7E56-4AA6-80FE-08B9DBCD4D58}.Release|ARM.Deploy.0 = Release|ARM
		{A6FBDA82-7E56-4AA6-80FE-08B9DBCD4D58}.Release|x64.ActiveCfg = Release|x64
		{A6FBDA82-7E56-4AA6-80FE-08B9DBCD4D58}.Release|x64.Build.0 = Release|x64
		{A6FBDA82-7E56-4AA6-80FE-08B9DBCD4D58}.Release|x64.Deploy.0 = Release|x64
		{A6FBDA82-7E56-4AA6-80FE-08B9DBCD4D58}.Release|x86.ActiveCfg = Release|x86
		{A6FBDA82-7E56-4AA6-80FE-08B9DBCD4D58}.Release|x86.Build.0 = Release|x86
		{A6FBDA82-7E56-4AA6-80FE-08B9DBCD4D58}.Release|x86.Deploy.0 = Release|x86
		{23E46FFC-8AFA-4A02-BD42-63EEBA599486}.Debug|ARM.ActiveCfg = Debug|ARM
		{23E46FFC-8AFA-4A02-BD42-63EEBA599486}.Debug|ARM.Build.0 = Debug|ARM
		{23E46FFC-8AFA-4A02-BD42-63EEBA599486}.Debug|ARM.Deploy.0 = Debug|ARM
		{23E46FFC-8AFA-4A02-BD42-63EEBA599486}.Debug|x64.ActiveCfg = Debug|x64
		{23E46FFC-8AFA-4A02-BD42-63EEBA599486}.Debug|x64.Build.0 = Debug|x64
		{23E46FFC-8AFA-4A02-BD42-63EEBA599486}.Debug|x64.Deploy.0 = Debug|x64
		{23E46FFC-8AFA-4A02-BD42-63EEBA599486}.Debug|x86.ActiveCfg = Debug|x86
		{23E46FFC-8AFA-4A02-BD42-63EEBA599486}.Debug|x86.Build.0 = Debug|x86
		{23E46FFC-8AFA-4A02-BD42-63EEBA599486}.Debug|x86.Deploy.0 = Debug|x86
		{23E46FFC-8AFA-4A02-BD42-63EEBA599486}.Release|ARM.ActiveCfg = Release|ARM
		{23E46FFC-8AFA-4A02-BD42-63EEBA599486}.Release|ARM.Build.0 = Release|ARM
		{23E46FFC-8AFA-4A02-BD42-63EEBA599486}.Release|ARM.Deploy.0 = Release|ARM
		{23E46FFC-8AFA-4A02-BD42-63EEBA599486}.Release|x64.ActiveCfg = Release|x64
		{23E46FFC-8AFA-4A02-BD42-63EEBA599486}.Release|x64.Build.0 = Release|x64
		{23E46FFC-8AFA-4A02-BD42-63EEBA599486}.Release|x64.Deploy.0 = Release|x64
		{23E46FFC-8AFA-4A02-BD42-63EEBA599486}.Release|x86.ActiveCfg = Release|x86
		{23E46FFC-8AFA-4A02-BD42-63EEBA599486}.Release|x86.Build.0 = Release|x86
		{23E46FFC-8AFA-4A02-BD42-63EEBA599486}.Release|x86.Deploy.0 = Release|x86
		{A2387AE2-4726-4D55-B045-C3C500C941D8}.Debug|ARM.ActiveCfg = Debug|ARM
		{A2387AE2-4726-4D55-B045-C3C500C941D8}.Debug|ARM.Build.0 = Debug|ARM
		{A2387AE2-4726-4D55-B045-C3C500C941D8}.Debug|ARM.Deploy.0 = Debug|ARM
		{A2387AE2-4726-4D55-B045-C3C500C941D8}.Debug|x64.ActiveCfg = Debug|x64
		{A2387AE2-4726-4D55-B045-C3C500C941D8}.Debug|x64.Build.0 = Debug|x64
		{A2387AE2-4726-4D55-B045-C3C500C941D8}.Debug|x64.Deploy.0 = Debug|x64
		{A2387AE2-4726-4D55-B045-C3C500C941D8}.Debug|x86.ActiveCfg = Debug|x86
		{A2387AE2-4726-4D55-B045-C3C500C941D8}.Debug|x86.Build.0 = Debug|x86
		{A2387AE2-4726-4D55-B045-C3C500C941D8}.Debug|x86.Deploy.0 = Debug|x86
		{A2387AE2-4726-4D55-B045-C3C500C941D8}.Release|ARM.ActiveCfg = Release|ARM
		{A2387AE2-4726-4D55-B045-C3C500C941D8}.Release|ARM.Build.0 = Release|ARM
		{A2387AE2-4726-4D55-B045-C3C500C941D8}.Release|ARM.Deploy.0 = Release|ARM
		{A2387AE2-4726-4D55-B045-C3C500C941D8}.Release|x64.ActiveCfg = Release|x64
		{A2387AE2-4726-4D55-B045-C3C500C941D8}.Release|x64.Build.0 = Release|x64
		{A2387AE2-4726-4D55-B045-C3C500C941D8}.Release|x64.Deploy.0 = Release|x64
		{A2387AE2-4726-4D55-B045-C3C500C941D8}.Release|x86.ActiveCfg = Release|x86
		{A2387AE2-4726-4D55-B045-C3C500C941D8}.Release|x86.Build.0 = Release|x86
		{A2387AE2-4726-4D55-B045-C3C500C941D8}.Release|x86.Deploy.0 = Release|x86
	EndGlobalSection
	GlobalSection(SolutionProperties) = preSolution
		HideSolutionNode = FALSE
	EndGlobalSection
EndGlobal
